{
  "requires": true,
  "lockfileVersion": 1,
  "dependencies": {
    "abbrev": {
      "version": "1.1.1",
      "resolved": "https://registry.npmjs.org/abbrev/-/abbrev-1.1.1.tgz",
      "integrity": "sha512-nne9/IiQ/hzIhY6pdDnbBtz7DjPTKrY00P/zvPSm5pOFkl6xuGrGnXn/VtTNNfNtAfZ9/1RtehkszU9qcTii0Q=="
    },
    "codemirror": {
      "version": "5.52.0",
      "resolved": "https://registry.npmjs.org/codemirror/-/codemirror-5.52.0.tgz",
      "integrity": "sha512-K2UB6zjscrfME03HeRe/IuOmCeqNpw7PLKGHThYpLbZEuKf+ZoujJPhxZN4hHJS1O7QyzEsV7JJZGxuQWVaFCg=="
    },
    "inherits": {
      "version": "2.0.4",
      "resolved": "https://registry.npmjs.org/inherits/-/inherits-2.0.4.tgz",
      "integrity": "sha512-k/vGaX4/Yla3WzyMCvTQOXYeIHvqOKtnqBduzTHpzpQZzAskKMhZ2K+EnBiSM9zGSoIFeMpXKxa4dYeZIQqewQ=="
    },
    "is-arguments": {
      "version": "1.0.4",
      "resolved": "https://registry.npmjs.org/is-arguments/-/is-arguments-1.0.4.tgz",
      "integrity": "sha512-xPh0Rmt8NE65sNzvyUmWgI1tz3mKq74lGA0mL8LYZcoIzKOzDh6HmrYm3d18k60nHerC8A9Km8kYu87zfSFnLA=="
    },
    "is-generator-function": {
      "version": "1.0.7",
      "resolved": "https://registry.npmjs.org/is-generator-function/-/is-generator-function-1.0.7.tgz",
      "integrity": "sha512-YZc5EwyO4f2kWCax7oegfuSr9mFz1ZvieNYBEjmukLxgXfBUbxAWGVF7GZf0zidYtoBl3WvC07YK0wT76a+Rtw=="
    },
    "js-joda": {
      "version": "1.11.0",
      "resolved": "https://registry.npmjs.org/js-joda/-/js-joda-1.11.0.tgz",
      "integrity": "sha512-/HJpRhwP2fPyuSsCaZuoVJuaSIt8tUXykV4wOMRXrFk7RP9h9VWaFdS9YHKdMepxb/3TdXpL6IhfC9L0sqYVBw=="
    },
    "js-joda-timezone": {
      "version": "2.1.1",
      "resolved": "https://registry.npmjs.org/js-joda-timezone/-/js-joda-timezone-2.1.1.tgz",
      "integrity": "sha512-l7PltQExLbI2gnzkvmzh+TFZcuAFiphmI93MUd6t/Zx3enVhjwXX3StD2QmibLdNXygqcxeBh4pkqcrlnGMTrQ=="
    },
    "markdown": {
      "version": "0.5.0",
      "resolved": "https://registry.npmjs.org/markdown/-/markdown-0.5.0.tgz",
      "integrity": "sha1-KCBbVlqK51kt4gdGPWY33BgnIrI=",
      "requires": {
        "nopt": "~2.1.1"
      }
    },
    "nopt": {
      "version": "2.1.2",
      "resolved": "https://registry.npmjs.org/nopt/-/nopt-2.1.2.tgz",
      "integrity": "sha1-bMzZd7gBMqB3MdbozljCyDA8+a8=",
      "requires": {
        "abbrev": "1"
      }
    },
    "parinfer": {
      "version": "3.12.0",
      "resolved": "https://registry.npmjs.org/parinfer/-/parinfer-3.12.0.tgz",
      "integrity": "sha512-iViQ8vtJ6CEa9x0SxcQCtsOYSCVVu7ILnuUJfKHPEGjxM0Z6R1EdAJX3kWyqZDrszvQyYWl/XpD9pN2IFgSF/g=="
    },
    "parinfer-codemirror": {
      "version": "1.4.2",
      "resolved": "https://registry.npmjs.org/parinfer-codemirror/-/parinfer-codemirror-1.4.2.tgz",
      "integrity": "sha1-K5t/J69lvxQoIDShdzHUqCNn0EY=",
      "requires": {
        "parinfer": "^3.11.0"
      }
    },
    "process": {
      "version": "0.11.10",
      "resolved": "https://registry.npmjs.org/process/-/process-0.11.10.tgz",
      "integrity": "sha1-czIwDoQBYb2j5podHZGn1LwW8YI="
    },
    "safe-buffer": {
      "version": "5.2.0",
      "resolved": "https://registry.npmjs.org/safe-buffer/-/safe-buffer-5.2.0.tgz",
      "integrity": "sha512-fZEwUGbVl7kouZs1jCdMLdt95hdIv0ZeHg6L7qPeciMZhZ+/gdesW4wgTARkrFWEpspjEATAzUGPG8N2jJiwbg=="
    },
    "util": {
      "version": "0.12.2",
      "resolved": "https://registry.npmjs.org/util/-/util-0.12.2.tgz",
      "integrity": "sha512-XE+MkWQvglYa+IOfBt5UFG93EmncEMP23UqpgDvVZVFBPxwmkK10QRp6pgU4xICPnWRf/t0zPv4noYSUq9gqUQ==",
      "requires": {
        "inherits": "^2.0.3",
        "is-arguments": "^1.0.4",
        "is-generator-function": "^1.0.7",
        "safe-buffer": "^5.1.2"
      }
    }
  }
}
